Microsoft Visual Studio Solution File, Format Version 12.00
# Visual Studio Version 17
VisualStudioVersion = 17.5.2.0
MinimumVisualStudioVersion = 10.0.40219.1
Project("{FAE04EC0-301F-11D3-BF4B-00C04F79EFBC}") = "NumberRoman", "NumberRoman.csproj", "{9797E617-8A32-EE4E-5E88-70B348946026}"
EndProject
Global
	GlobalSection(SolutionConfigurationPlatforms) = preSolution
		Debug|Any CPU = Debug|Any CPU
		Release|Any CPU = Release|Any CPU
	EndGlobalSection
	GlobalSection(ProjectConfigurationPlatforms) = postSolution
		{9797E617-8A32-EE4E-5E88-70B348946026}.Debug|Any CPU.ActiveCfg = Debug|Any CPU
		{9797E617-8A32-EE4E-5E88-70B348946026}.Debug|Any CPU.Build.0 = Debug|Any CPU
		{9797E617-8A32-EE4E-5E88-70B348946026}.Release|Any CPU.ActiveCfg = Release|Any CPU
		{9797E617-8A32-EE4E-5E88-70B348946026}.Release|Any CPU.Build.0 = Release|Any CPU
	EndGlobalSection
	GlobalSection(SolutionProperties) = preSolution
		HideSolutionNode = FALSE
	EndGlobalSection
	GlobalSection(ExtensibilityGlobals) = postSolution
		SolutionGuid = {6D7D6CC2-023C-40B5-92C6-1AE370124FB7}
	EndGlobalSection
EndGlobal
